// !$*UTF8*$!
{
	archiveVersion = 1;
	classes = {
	};
	objectVersion = 46;
	objects = {

/* Begin PBXBuildFile section */
		76CD97B31D0EE4E7001649AD /* FactModel.swift in Sources */ = {isa = PBXBuildFile; fileRef = 76CD97B21D0EE4E7001649AD /* FactModel.swift */; };
		76CD97B61D0F487E001649AD /* ColorModel.swift in Sources */ = {isa = PBXBuildFile; fileRef = 76CD97B51D0F487E001649AD /* ColorModel.swift */; };
		76F3C3AD1D0A2DC9006DD155 /* AppDelegate.swift in Sources */ = {isa = PBXBuildFile; fileRef = 76F3C3AC1D0A2DC9006DD155 /* AppDelegate.swift */; };
		76F3C3AF1D0A2DC9006DD155 /* ViewController.swift in Sources */ = {isa = PBXBuildFile; fileRef = 76F3C3AE1D0A2DC9006DD155 /* ViewController.swift */; };
		76F3C3B21D0A2DC9006DD155 /* Main.storyboard in Resources */ = {isa = PBXBuildFile; fileRef = 76F3C3B01D0A2DC9006DD155 /* Main.storyboard */; };
		76F3C3B41D0A2DC9006DD155 /* Assets.xcassets in Resources */ = {isa = PBXBuildFile; fileRef = 76F3C3B31D0A2DC9006DD155 /* Assets.xcassets */; };
		76F3C3B71D0A2DC9006DD155 /* LaunchScreen.storyboard in Resources */ = {isa = PBXBuildFile; fileRef = 76F3C3B51D0A2DC9006DD155 /* LaunchScreen.storyboard */; };
/* End PBXBuildFile section */

/* Begin PBXFileReference section */
		76CD97B21D0EE4E7001649AD /* FactModel.swift */ = {isa = PBXFileReference; fileEncoding = 4; lastKnownFileType = sourcecode.swift; path = FactModel.swift; sourceTree = "<group>"; };
		76CD97B51D0F487E001649AD /* ColorModel.swift */ = {isa = PBXFileReference; fileEncoding = 4; lastKnownFileType = sourcecode.swift; path = ColorModel.swift; sourceTree = "<group>"; };
		76F3C3A91D0A2DC8006DD155 /* FunFacts.app */ = {isa = PBXFileReference; explicitFileType = wrapper.application; includeInIndex = 0; path = FunFacts.app; sourceTree = BUILT_PRODUCTS_DIR; };
		76F3C3AC1D0A2DC9006DD155 /* AppDelegate.swift */ = {isa = PBXFileReference; lastKnownFileType = sourcecode.swift; path = AppDelegate.swift; sourceTree = "<group>"; };
		76F3C3AE1D0A2DC9006DD155 /* ViewController.swift */ = {isa = PBXFileReference; lastKnownFileType = sourcecode.swift; path = ViewController.swift; sourceTree = "<group>"; };
		76F3C3B11D0A2DC9006DD155 /* Base */ = {isa = PBXFileReference; lastKnownFileType = file.storyboard; name = Base; path = Base.lproj/Main.storyboard; sourceTree = "<group>"; };
		76F3C3B31D0A2DC9006DD155 /* Assets.xcassets */ = {isa = PBXFileReference; lastKnownFileType = folder.assetcatalog; path = Assets.xcassets; sourceTree = "<group>"; };
		76F3C3B61D0A2DC9006DD155 /* Base */ = {isa = PBXFileReference; lastKnownFileType = file.storyboard; name = Base; path = Base.lproj/LaunchScreen.storyboard; sourceTree = "<group>"; };
		76F3C3B81D0A2DC9006DD155 /* Info.plist */ = {isa = PBXFileReference; lastKnownFileType = text.plist.xml; path = Info.plist; sourceTree = "<group>"; };
/* End PBXFileReference section */

/* Begin PBXFrameworksBuildPhase section */
		76F3C3A61D0A2DC8006DD155 /* Frameworks */ = {
			isa = PBXFrameworksBuildPhase;
			buildActionMask = 2147483647;
			files = (
			);
			runOnlyForDeploymentPostprocessing = 0;
		};
/* End PBXFrameworksBuildPhase section */

/* Begin PBXGroup section */
		76F3C3A01D0A2DC8006DD155 = {
			isa = PBXGroup;
			children = (
				76F3C3AB1D0A2DC9006DD155 /* FunFacts */,
				76F3C3AA1D0A2DC8006DD155 /* Products */,
			);
			sourceTree = "<group>";
		};
		76F3C3AA1D0A2DC8006DD155 /* Products */ = {
			isa = PBXGroup;
			children = (
				76F3C3A91D0A2DC8006DD155 /* FunFacts.app */,
			);
			name = Products;
			sourceTree = "<group>";
		};
		76F3C3AB1D0A2DC9006DD155 /* FunFacts */ = {
			isa = PBXGroup;
			children = (
				76F3C3AC1D0A2DC9006DD155 /* AppDelegate.swift */,
				76F3C3AE1D0A2DC9006DD155 /* ViewController.swift */,
				76CD97B21D0EE4E7001649AD /* FactModel.swift */,
				76CD97B51D0F487E001649AD /* ColorModel.swift */,
				76F3C3B01D0A2DC9006DD155 /* Main.storyboard */,
				76F3C3B31D0A2DC9006DD155 /* Assets.xcassets */,
				76F3C3B51D0A2DC9006DD155 /* LaunchScreen.storyboard */,
				76F3C3B81D0A2DC9006DD155 /* Info.plist */,
			);
			path = FunFacts;
			sourceTree = "<group>";
		};
/* End PBXGroup section */

/* Begin PBXNativeTarget section */
		76F3C3A81D0A2DC8006DD155 /* FunFacts */ = {
			isa = PBXNativeTarget;
			buildConfigurationList = 76F3C3BB1D0A2DC9006DD155 /* Build configuration list for PBXNativeTarget "FunFacts" */;
			buildPhases = (
				76F3C3A51D0A2DC8006DD155 /* Sources */,
				76F3C3A61D0A2DC8006DD155 /* Frameworks */,
				76F3C3A71D0A2DC8006DD155 /* Resources */,
			);
			buildRules = (
			);
			dependencies = (
			);
			name = FunFacts;
			productName = FunFacts;
			productReference = 76F3C3A91D0A2DC8006DD155 /* FunFacts.app */;
			productType = "com.apple.product-type.application";
		};
/* End PBXNativeTarget section */

/* Begin PBXProject section */
		76F3C3A11D0A2DC8006DD155 /* Project object */ = {
			isa = PBXProject;
			attributes = {
				LastSwiftUpdateCheck = 0730;
				LastUpgradeCheck = 0730;
				ORGANIZATIONNAME = "Vernon G Martin";
				TargetAttributes = {
					76F3C3A81D0A2DC8006DD155 = {
						CreatedOnToolsVersion = 7.3.1;
						DevelopmentTeam = Z394YH8B5F;
					};
				};
			};
			buildConfigurationList = 76F3C3A41D0A2DC8006DD155 /* Build configuration list for PBXProject "FunFacts" */;
			compatibilityVersion = "Xcode 3.2";
			developmentRegion = English;
			hasScannedForEncodings = 0;
			knownRegions = (
				en,
				Base,
			);
			mainGroup = 76F3C3A01D0A2DC8006DD155;
			productRefGroup = 76F3C3AA1D0A2DC8006DD155 /* Products */;
			projectDirPath = "";
			projectRoot = "";
			targets = (
				76F3C3A81D0A2DC8006DD155 /* FunFacts */,
			);
		};
/* End PBXProject section */

/* Begin PBXResourcesBuildPhase section */
		76F3C3A71D0A2DC8006DD155 /* Resources */ = {
			isa = PBXResourcesBuildPhase;
			buildActionMask = 2147483647;
			files = (
				76F3C3B71D0A2DC9006DD155 /* LaunchScreen.storyboard in Resources */,
				76F3C3B41D0A2DC9006DD155 /* Assets.xcassets in Resources */,
				76F3C3B21D0A2DC9006DD155 /* Main.storyboard in Resources */,
			);
			runOnlyForDeploymentPostprocessing = 0;
		};
/* End PBXResourcesBuildPhase section */

/* Begin PBXSourcesBuildPhase section */
		76F3C3A51D0A2DC8006DD155 /* Sources */ = {
			isa = PBXSourcesBuildPhase;
			buildActionMask = 2147483647;
			files = (
				76CD97B31D0EE4E7001649AD /* FactModel.swift in Sources */,
				76F3C3AF1D0A2DC9006DD155 /* ViewController.swift in Sources */,
				76F3C3AD1D0A2DC9006DD155 /* AppDelegate.swift in Sources */,
				76CD97B61D0F487E001649AD /* ColorModel.swift in Sources */,
			);
			runOnlyForDeploymentPostprocessing = 0;
		};
/* End PBXSourcesBuildPhase section */

/* Begin PBXVariantGroup section */
		76F3C3B01D0A2DC9006DD155 /* Main.storyboard */ = {
			isa = PBXVariantGroup;
			children = (
				76F3C3B11D0A2DC9006DD155 /* Base */,
			);
			name = Main.storyboard;
			sourceTree = "<group>";
		};
		76F3C3B51D0A2DC9006DD155 /* LaunchScreen.storyboard */ = {
			isa = PBXVariantGroup;
			children = (
				76F3C3B61D0A2DC9006DD155 /* Base */,
			);
			name = LaunchScreen.storyboard;
			sourceTree = "<group>";
		};
/* End PBXVariantGroup section */

/* Begin XCBuildConfiguration section */
		76F3C3B91D0A2DC9006DD155 /* Debug */ = {
			isa = XCBuildConfiguration;
			buildSettings = {
				ALWAYS_SEARCH_USER_PATHS = NO;
				CLANG_ANALYZER_NONNULL = YES;
				CLANG_CXX_LANGUAGE_STANDARD = "gnu++0x";
				CLANG_CXX_LIBRARY = "libc++";
				CLANG_ENABLE_MODULES = YES;
				CLANG_ENABLE_OBJC_ARC = YES;
				CLANG_WARN_BOOL_CONVERSION = YES;
				CLANG_WARN_CONSTANT_CONVERSION = YES;
				CLANG_WARN_DIRECT_OBJC_ISA_USAGE = YES_ERROR;
				CLANG_WARN_EMPTY_BODY = YES;
				CLANG_WARN_ENUM_CONVERSION = YES;
				CLANG_WARN_INT_CONVERSION = YES;
				CLANG_WARN_OBJC_ROOT_CLASS = YES_ERROR;
				CLANG_WARN_UNREACHABLE_CODE = YES;
				CLANG_WARN__DUPLICATE_METHOD_MATCH = YES;
				"CODE_SIGN_IDENTITY[sdk=iphoneos*]" = "iPhone Developer";
				COPY_PHASE_STRIP = NO;
				DEBUG_INFORMATION_FORMAT = dwarf;
				ENABLE_STRICT_OBJC_MSGSEND = YES;
				ENABLE_TESTABILITY = YES;
				GCC_C_LANGUAGE_STANDARD = gnu99;
				GCC_DYNAMIC_NO_PIC = NO;
				GCC_NO_COMMON_BLOCKS = YES;
				GCC_OPTIMIZATION_LEVEL = 0;
				GCC_PREPROCESSOR_DEFINITIONS = (
					"DEBUG=1",
					"$(inherited)",
				);
				GCC_WARN_64_TO_32_BIT_CONVERSION = YES;
				GCC_WARN_ABOUT_RETURN_TYPE = YES_ERROR;
				GCC_WARN_UNDECLARED_SELECTOR = YES;
				GCC_WARN_UNINITIALIZED_AUTOS = YES_AGGRESSIVE;
				GCC_WARN_UNUSED_FUNCTION = YES;
				GCC_WARN_UNUSED_VARIABLE = YES;
				IPHONEOS_DEPLOYMENT_TARGET = 9.3;
				MTL_ENABLE_DEBUG_INFO = YES;
				ONLY_ACTIVE_ARCH = YES;
				SDKROOT = iphoneos;
				SWIFT_OPTIMIZATION_LEVEL = "-Onone";
			};
			name = Debug;
		};
		76F3C3BA1D0A2DC9006DD155 /* Release */ = {
			isa = XCBuildConfiguration;
			buildSettings = {
				ALWAYS_SEARCH_USER_PATHS = NO;
				CLANG_ANALYZER_NONNULL = YES;
				CLANG_CXX_LANGUAGE_STANDARD = "gnu++0x";
				CLANG_CXX_LIBRARY = "libc++";
				CLANG_ENABLE_MODULES = YES;
				CLANG_ENABLE_OBJC_ARC = YES;
				CLANG_WARN_BOOL_CONVERSION = YES;
				CLANG_WARN_CONSTANT_CONVERSION = YES;
				CLANG_WARN_DIRECT_OBJC_ISA_USAGE = YES_ERROR;
				CLANG_WARN_EMPTY_BODY = YES;
				CLANG_WARN_ENUM_CONVERSION = YES;
				CLANG_WARN_INT_CONVERSION = YES;
				CLANG_WARN_OBJC_ROOT_CLASS = YES_ERROR;
				CLANG_WARN_UNREACHABLE_CODE = YES;
				CLANG_WARN__DUPLICATE_METHOD_MATCH = YES;
				"CODE_SIGN_IDENTITY[sdk=iphoneos*]" = "iPhone Developer";
				COPY_PHASE_STRIP = NO;
				DEBUG_INFORMATION_FORMAT = "dwarf-with-dsym";
				ENABLE_NS_ASSERTIONS = NO;
				ENABLE_STRICT_OBJC_MSGSEND = YES;
				GCC_C_LANGUAGE_STANDARD = gnu99;
				GCC_NO_COMMON_BLOCKS = YES;
				GCC_WARN_64_TO_32_BIT_CONVERSION = YES;
				GCC_WARN_ABOUT_RETURN_TYPE = YES_ERROR;
				GCC_WARN_UNDECLARED_SELECTOR = YES;
				GCC_WARN_UNINITIALIZED_AUTOS = YES_AGGRESSIVE;
				GCC_WARN_UNUSED_FUNCTION = YES;
				GCC_WARN_UNUSED_VARIABLE = YES;
				IPHONEOS_DEPLOYMENT_TARGET = 9.3;
				MTL_ENABLE_DEBUG_INFO = NO;
				SDKROOT = iphoneos;
				VALIDATE_PRODUCT = YES;
			};
			name = Release;
		};
		76F3C3BC1D0A2DC9006DD155 /* Debug */ = {
			isa = XCBuildConfiguration;
			buildSettings = {
				ASSETCATALOG_COMPILER_APPICON_NAME = AppIcon;
				INFOPLIST_FILE = FunFacts/Info.plist;
				IPHONEOS_DEPLOYMENT_TARGET = 9.1;
				LD_RUNPATH_SEARCH_PATHS = "$(inherited) @executable_path/Frameworks";
				PRODUCT_BUNDLE_IDENTIFIER = VernonMartin.FunFacts;
				PRODUCT_NAME = "$(TARGET_NAME)";
			};
			name = Debug;
		};
		76F3C3BD1D0A2DC9006DD155 /* Release */ = {
			isa = XCBuildConfiguration;
			buildSettings = {
				ASSETCATALOG_COMPILER_APPICON_NAME = AppIcon;
				INFOPLIST_FILE = FunFacts/Info.plist;
				IPHONEOS_DEPLOYMENT_TARGET = 9.1;
				LD_RUNPATH_SEARCH_PATHS = "$(inherited) @executable_path/Frameworks";
				PRODUCT_BUNDLE_IDENTIFIER = VernonMartin.FunFacts;
				PRODUCT_NAME = "$(TARGET_NAME)";
			};
			name = Release;
		};
/* End XCBuildConfiguration section */

/* Begin XCConfigurationList section */
		76F3C3A41D0A2DC8006DD155 /* Build configuration list for PBXProject "FunFacts" */ = {
			isa = XCConfigurationList;
			buildConfigurations = (
				76F3C3B91D0A2DC9006DD155 /* Debug */,
				76F3C3BA1D0A2DC9006DD155 /* Release */,
			);
			defaultConfigurationIsVisible = 0;
			defaultConfigurationName = Release;
		};
		76F3C3BB1D0A2DC9006DD155 /* Build configuration list for PBXNativeTarget "FunFacts" */ = {
			isa = XCConfigurationList;
			buildConfigurations = (
				76F3C3BC1D0A2DC9006DD155 /* Debug */,
				76F3C3BD1D0A2DC9006DD155 /* Release */,
			);
			defaultConfigurationIsVisible = 0;
			defaultConfigurationName = Release;
		};
/* End XCConfigurationList section */
	};
	rootObject = 76F3C3A11D0A2DC8006DD155 /* Project object */;
}
